// !$*UTF8*$!
{
	archiveVersion = 1;
	classes = {
	};
	objectVersion = 50;
	objects = {

/* Begin PBXBuildFile section */
		82FBBA64225D84E000DC3ACA /* AppDelegate.m in Sources */ = {isa = PBXBuildFile; fileRef = 82FBBA63225D84E000DC3ACA /* AppDelegate.m */; };
		82FBBA67225D84E000DC3ACA /* ViewController.m in Sources */ = {isa = PBXBuildFile; fileRef = 82FBBA66225D84E000DC3ACA /* ViewController.m */; };
		82FBBA69225D84E100DC3ACA /* Assets.xcassets in Resources */ = {isa = PBXBuildFile; fileRef = 82FBBA68225D84E100DC3ACA /* Assets.xcassets */; };
		82FBBA6C225D84E100DC3ACA /* Main.storyboard in Resources */ = {isa = PBXBuildFile; fileRef = 82FBBA6A225D84E100DC3ACA /* Main.storyboard */; };
		82FBBA6F225D84E100DC3ACA /* main.m in Sources */ = {isa = PBXBuildFile; fileRef = 82FBBA6E225D84E100DC3ACA /* main.m */; };
/* End PBXBuildFile section */

/* Begin PBXFileReference section */
		82FBBA5F225D84E000DC3ACA /* wechart.app */ = {isa = PBXFileReference; explicitFileType = wrapper.application; includeInIndex = 0; path = wechart.app; sourceTree = BUILT_PRODUCTS_DIR; };
		82FBBA62225D84E000DC3ACA /* AppDelegate.h */ = {isa = PBXFileReference; lastKnownFileType = sourcecode.c.h; path = AppDelegate.h; sourceTree = "<group>"; };
		82FBBA63225D84E000DC3ACA /* AppDelegate.m */ = {isa = PBXFileReference; lastKnownFileType = sourcecode.c.objc; path = AppDelegate.m; sourceTree = "<group>"; };
		82FBBA65225D84E000DC3ACA /* ViewController.h */ = {isa = PBXFileReference; lastKnownFileType = sourcecode.c.h; path = ViewController.h; sourceTree = "<group>"; };
		82FBBA66225D84E000DC3ACA /* ViewController.m */ = {isa = PBXFileReference; lastKnownFileType = sourcecode.c.objc; path = ViewController.m; sourceTree = "<group>"; };
		82FBBA68225D84E100DC3ACA /* Assets.xcassets */ = {isa = PBXFileReference; lastKnownFileType = folder.assetcatalog; path = Assets.xcassets; sourceTree = "<group>"; };
		82FBBA6B225D84E100DC3ACA /* Base */ = {isa = PBXFileReference; lastKnownFileType = file.storyboard; name = Base; path = Base.lproj/Main.storyboard; sourceTree = "<group>"; };
		82FBBA6D225D84E100DC3ACA /* Info.plist */ = {isa = PBXFileReference; lastKnownFileType = text.plist.xml; path = Info.plist; sourceTree = "<group>"; };
		82FBBA6E225D84E100DC3ACA /* main.m */ = {isa = PBXFileReference; lastKnownFileType = sourcecode.c.objc; path = main.m; sourceTree = "<group>"; };
		82FBBA70225D84E100DC3ACA /* wechart.entitlements */ = {isa = PBXFileReference; lastKnownFileType = text.plist.entitlements; path = wechart.entitlements; sourceTree = "<group>"; };
/* End PBXFileReference section */

/* Begin PBXFrameworksBuildPhase section */
		82FBBA5C225D84E000DC3ACA /* Frameworks */ = {
			isa = PBXFrameworksBuildPhase;
			buildActionMask = 2147483647;
			files = (
			);
			runOnlyForDeploymentPostprocessing = 0;
		};
/* End PBXFrameworksBuildPhase section */

/* Begin PBXGroup section */
		82FBBA56225D84E000DC3ACA = {
			isa = PBXGroup;
			children = (
				82FBBA61225D84E000DC3ACA /* wechart */,
				82FBBA60225D84E000DC3ACA /* Products */,
			);
			sourceTree = "<group>";
		};
		82FBBA60225D84E000DC3ACA /* Products */ = {
			isa = PBXGroup;
			children = (
				82FBBA5F225D84E000DC3ACA /* wechart.app */,
			);
			name = Products;
			sourceTree = "<group>";
		};
		82FBBA61225D84E000DC3ACA /* wechart */ = {
			isa = PBXGroup;
			children = (
				82FBBA62225D84E000DC3ACA /* AppDelegate.h */,
				82FBBA63225D84E000DC3ACA /* AppDelegate.m */,
				82FBBA65225D84E000DC3ACA /* ViewController.h */,
				82FBBA66225D84E000DC3ACA /* ViewController.m */,
				82FBBA68225D84E100DC3ACA /* Assets.xcassets */,
				82FBBA6A225D84E100DC3ACA /* Main.storyboard */,
				82FBBA6D225D84E100DC3ACA /* Info.plist */,
				82FBBA6E225D84E100DC3ACA /* main.m */,
				82FBBA70225D84E100DC3ACA /* wechart.entitlements */,
			);
			path = wechart;
			sourceTree = "<group>";
		};
/* End PBXGroup section */

/* Begin PBXNativeTarget section */
		82FBBA5E225D84E000DC3ACA /* wechart */ = {
			isa = PBXNativeTarget;
			buildConfigurationList = 82FBBA73225D84E100DC3ACA /* Build configuration list for PBXNativeTarget "wechart" */;
			buildPhases = (
				82FBBA5B225D84E000DC3ACA /* Sources */,
				82FBBA5C225D84E000DC3ACA /* Frameworks */,
				82FBBA5D225D84E000DC3ACA /* Resources */,
			);
			buildRules = (
			);
			dependencies = (
			);
			name = wechart;
			productName = wechart;
			productReference = 82FBBA5F225D84E000DC3ACA /* wechart.app */;
			productType = "com.apple.product-type.application";
		};
/* End PBXNativeTarget section */

/* Begin PBXProject section */
		82FBBA57225D84E000DC3ACA /* Project object */ = {
			isa = PBXProject;
			attributes = {
				LastUpgradeCheck = 1010;
				ORGANIZATIONNAME = ludy;
				TargetAttributes = {
					82FBBA5E225D84E000DC3ACA = {
						CreatedOnToolsVersion = 10.1;
					};
				};
			};
			buildConfigurationList = 82FBBA5A225D84E000DC3ACA /* Build configuration list for PBXProject "wechart" */;
			compatibilityVersion = "Xcode 9.3";
			developmentRegion = en;
			hasScannedForEncodings = 0;
			knownRegions = (
				en,
				Base,
			);
			mainGroup = 82FBBA56225D84E000DC3ACA;
			productRefGroup = 82FBBA60225D84E000DC3ACA /* Products */;
			projectDirPath = "";
			projectRoot = "";
			targets = (
				82FBBA5E225D84E000DC3ACA /* wechart */,
			);
		};
/* End PBXProject section */

/* Begin PBXResourcesBuildPhase section */
		82FBBA5D225D84E000DC3ACA /* Resources */ = {
			isa = PBXResourcesBuildPhase;
			buildActionMask = 2147483647;
			files = (
				82FBBA69225D84E100DC3ACA /* Assets.xcassets in Resources */,
				82FBBA6C225D84E100DC3ACA /* Main.storyboard in Resources */,
			);
			runOnlyForDeploymentPostprocessing = 0;
		};
/* End PBXResourcesBuildPhase section */

/* Begin PBXSourcesBuildPhase section */
		82FBBA5B225D84E000DC3ACA /* Sources */ = {
			isa = PBXSourcesBuildPhase;
			buildActionMask = 2147483647;
			files = (
				82FBBA67225D84E000DC3ACA /* ViewController.m in Sources */,
				82FBBA6F225D84E100DC3ACA /* main.m in Sources */,
				82FBBA64225D84E000DC3ACA /* AppDelegate.m in Sources */,
			);
			runOnlyForDeploymentPostprocessing = 0;
		};
/* End PBXSourcesBuildPhase section */

/* Begin PBXVariantGroup section */
		82FBBA6A225D84E100DC3ACA /* Main.storyboard */ = {
			isa = PBXVariantGroup;
			children = (
				82FBBA6B225D84E100DC3ACA /* Base */,
			);
			name = Main.storyboard;
			sourceTree = "<group>";
		};
/* End PBXVariantGroup section */

/* Begin XCBuildConfiguration section */
		82FBBA71225D84E100DC3ACA /* Debug */ = {
			isa = XCBuildConfiguration;
			buildSettings = {
				ALWAYS_SEARCH_USER_PATHS = NO;
				CLANG_ANALYZER_NONNULL = YES;
				CLANG_ANALYZER_NUMBER_OBJECT_CONVERSION = YES_AGGRESSIVE;
				CLANG_CXX_LANGUAGE_STANDARD = "gnu++14";
				CLANG_CXX_LIBRARY = "libc++";
				CLANG_ENABLE_MODULES = YES;
				CLANG_ENABLE_OBJC_ARC = YES;
				CLANG_ENABLE_OBJC_WEAK = YES;
				CLANG_WARN_BLOCK_CAPTURE_AUTORELEASING = YES;
				CLANG_WARN_BOOL_CONVERSION = YES;
				CLANG_WARN_COMMA = YES;
				CLANG_WARN_CONSTANT_CONVERSION = YES;
				CLANG_WARN_DEPRECATED_OBJC_IMPLEMENTATIONS = YES;
				CLANG_WARN_DIRECT_OBJC_ISA_USAGE = YES_ERROR;
				CLANG_WARN_DOCUMENTATION_COMMENTS = YES;
				CLANG_WARN_EMPTY_BODY = YES;
				CLANG_WARN_ENUM_CONVERSION = YES;
				CLANG_WARN_INFINITE_RECURSION = YES;
				CLANG_WARN_INT_CONVERSION = YES;
				CLANG_WARN_NON_LITERAL_NULL_CONVERSION = YES;
				CLANG_WARN_OBJC_IMPLICIT_RETAIN_SELF = YES;
				CLANG_WARN_OBJC_LITERAL_CONVERSION = YES;
				CLANG_WARN_OBJC_ROOT_CLASS = YES_ERROR;
				CLANG_WARN_RANGE_LOOP_ANALYSIS = YES;
				CLANG_WARN_STRICT_PROTOTYPES = YES;
				CLANG_WARN_SUSPICIOUS_MOVE = YES;
				CLANG_WARN_UNGUARDED_AVAILABILITY = YES_AGGRESSIVE;
				CLANG_WARN_UNREACHABLE_CODE = YES;
				CLANG_WARN__DUPLICATE_METHOD_MATCH = YES;
				CODE_SIGN_IDENTITY = "Mac Developer";
				COPY_PHASE_STRIP = NO;
				DEBUG_INFORMATION_FORMAT = dwarf;
				ENABLE_STRICT_OBJC_MSGSEND = YES;
				ENABLE_TESTABILITY = YES;
				GCC_C_LANGUAGE_STANDARD = gnu11;
				GCC_DYNAMIC_NO_PIC = NO;
				GCC_NO_COMMON_BLOCKS = YES;
				GCC_OPTIMIZATION_LEVEL = 0;
				GCC_PREPROCESSOR_DEFINITIONS = (
					"DEBUG=1",
					"$(inherited)",
				);
				GCC_WARN_64_TO_32_BIT_CONVERSION = YES;
				GCC_WARN_ABOUT_RETURN_TYPE = YES_ERROR;
				GCC_WARN_UNDECLARED_SELECTOR = YES;
				GCC_WARN_UNINITIALIZED_AUTOS = YES_AGGRESSIVE;
				GCC_WARN_UNUSED_FUNCTION = YES;
				GCC_WARN_UNUSED_VARIABLE = YES;
				MACOSX_DEPLOYMENT_TARGET = 10.14;
				MTL_ENABLE_DEBUG_INFO = INCLUDE_SOURCE;
				MTL_FAST_MATH = YES;
				ONLY_ACTIVE_ARCH = YES;
				SDKROOT = macosx;
			};
			name = Debug;
		};
		82FBBA72225D84E100DC3ACA /* Release */ = {
			isa = XCBuildConfiguration;
			buildSettings = {
				ALWAYS_SEARCH_USER_PATHS = NO;
				CLANG_ANALYZER_NONNULL = YES;
				CLANG_ANALYZER_NUMBER_OBJECT_CONVERSION = YES_AGGRESSIVE;
				CLANG_CXX_LANGUAGE_STANDARD = "gnu++14";
				CLANG_CXX_LIBRARY = "libc++";
				CLANG_ENABLE_MODULES = YES;
				CLANG_ENABLE_OBJC_ARC = YES;
				CLANG_ENABLE_OBJC_WEAK = YES;
				CLANG_WARN_BLOCK_CAPTURE_AUTORELEASING = YES;
				CLANG_WARN_BOOL_CONVERSION = YES;
				CLANG_WARN_COMMA = YES;
				CLANG_WARN_CONSTANT_CONVERSION = YES;
				CLANG_WARN_DEPRECATED_OBJC_IMPLEMENTATIONS = YES;
				CLANG_WARN_DIRECT_OBJC_ISA_USAGE = YES_ERROR;
				CLANG_WARN_DOCUMENTATION_COMMENTS = YES;
				CLANG_WARN_EMPTY_BODY = YES;
				CLANG_WARN_ENUM_CONVERSION = YES;
				CLANG_WARN_INFINITE_RECURSION = YES;
				CLANG_WARN_INT_CONVERSION = YES;
				CLANG_WARN_NON_LITERAL_NULL_CONVERSION = YES;
				CLANG_WARN_OBJC_IMPLICIT_RETAIN_SELF = YES;
				CLANG_WARN_OBJC_LITERAL_CONVERSION = YES;
				CLANG_WARN_OBJC_ROOT_CLASS = YES_ERROR;
				CLANG_WARN_RANGE_LOOP_ANALYSIS = YES;
				CLANG_WARN_STRICT_PROTOTYPES = YES;
				CLANG_WARN_SUSPICIOUS_MOVE = YES;
				CLANG_WARN_UNGUARDED_AVAILABILITY = YES_AGGRESSIVE;
				CLANG_WARN_UNREACHABLE_CODE = YES;
				CLANG_WARN__DUPLICATE_METHOD_MATCH = YES;
				CODE_SIGN_IDENTITY = "Mac Developer";
				COPY_PHASE_STRIP = NO;
				DEBUG_INFORMATION_FORMAT = "dwarf-with-dsym";
				ENABLE_NS_ASSERTIONS = NO;
				ENABLE_STRICT_OBJC_MSGSEND = YES;
				GCC_C_LANGUAGE_STANDARD = gnu11;
				GCC_NO_COMMON_BLOCKS = YES;
				GCC_WARN_64_TO_32_BIT_CONVERSION = YES;
				GCC_WARN_ABOUT_RETURN_TYPE = YES_ERROR;
				GCC_WARN_UNDECLARED_SELECTOR = YES;
				GCC_WARN_UNINITIALIZED_AUTOS = YES_AGGRESSIVE;
				GCC_WARN_UNUSED_FUNCTION = YES;
				GCC_WARN_UNUSED_VARIABLE = YES;
				MACOSX_DEPLOYMENT_TARGET = 10.14;
				MTL_ENABLE_DEBUG_INFO = NO;
				MTL_FAST_MATH = YES;
				SDKROOT = macosx;
			};
			name = Release;
		};
		82FBBA74225D84E100DC3ACA /* Debug */ = {
			isa = XCBuildConfiguration;
			buildSettings = {
				ASSETCATALOG_COMPILER_APPICON_NAME = AppIcon;
				CODE_SIGN_ENTITLEMENTS = wechart/wechart.entitlements;
				CODE_SIGN_STYLE = Automatic;
				COMBINE_HIDPI_IMAGES = YES;
				DEVELOPMENT_TEAM = Z5746XC6B4;
				INFOPLIST_FILE = wechart/Info.plist;
				LD_RUNPATH_SEARCH_PATHS = (
					"$(inherited)",
					"@executable_path/../Frameworks",
				);
				PRODUCT_BUNDLE_IDENTIFIER = com.mason.wechart;
				PRODUCT_NAME = "$(TARGET_NAME)";
			};
			name = Debug;
		};
		82FBBA75225D84E100DC3ACA /* Release */ = {
			isa = XCBuildConfiguration;
			buildSettings = {
				ASSETCATALOG_COMPILER_APPICON_NAME = AppIcon;
				CODE_SIGN_ENTITLEMENTS = wechart/wechart.entitlements;
				CODE_SIGN_STYLE = Automatic;
				COMBINE_HIDPI_IMAGES = YES;
				DEVELOPMENT_TEAM = Z5746XC6B4;
				INFOPLIST_FILE = wechart/Info.plist;
				LD_RUNPATH_SEARCH_PATHS = (
					"$(inherited)",
					"@executable_path/../Frameworks",
				);
				PRODUCT_BUNDLE_IDENTIFIER = com.mason.wechart;
				PRODUCT_NAME = "$(TARGET_NAME)";
			};
			name = Release;
		};
/* End XCBuildConfiguration section */

/* Begin XCConfigurationList section */
		82FBBA5A225D84E000DC3ACA /* Build configuration list for PBXProject "wechart" */ = {
			isa = XCConfigurationList;
			buildConfigurations = (
				82FBBA71225D84E100DC3ACA /* Debug */,
				82FBBA72225D84E100DC3ACA /* Release */,
			);
			defaultConfigurationIsVisible = 0;
			defaultConfigurationName = Release;
		};
		82FBBA73225D84E100DC3ACA /* Build configuration list for PBXNativeTarget "wechart" */ = {
			isa = XCConfigurationList;
			buildConfigurations = (
				82FBBA74225D84E100DC3ACA /* Debug */,
				82FBBA75225D84E100DC3ACA /* Release */,
			);
			defaultConfigurationIsVisible = 0;
			defaultConfigurationName = Release;
		};
/* End XCConfigurationList section */
	};
	rootObject = 82FBBA57225D84E000DC3ACA /* Project object */;
}
